
Microsoft Visual Studio Solution File, Format Version 11.00
# Visual Studio 2010
Project("{FAE04EC0-301F-11D3-BF4B-00C04F79EFBC}") = "Asenevtsi-2017.1.1-20190910", "Assembly-CSharp-firstpass.csproj", "{35EF852C-2963-2F53-3176-1CDBD8C22E75}"
EndProject
Project("{FAE04EC0-301F-11D3-BF4B-00C04F79EFBC}") = "Asenevtsi-2017.1.1-20190910", "Assembly-CSharp.csproj", "{BB6F1C4B-7835-4DF6-ECEB-00A687C6DA4D}"
EndProject
Project("{CA052745-9E8D-7093-8794-56B83B53B005}") = "Asenevtsi-2017.1.1-20190910", "Assembly-UnityScript.unityproj", "{9828D955-D772-B01C-A671-CC9E01088EC2}"
EndProject
Project("{FAE04EC0-301F-11D3-BF4B-00C04F79EFBC}") = "Asenevtsi-2017.1.1-20190910", "Assembly-CSharp-Editor-firstpass.csproj", "{DC7B1E6E-9F4A-2D8A-5BF8-89F4BDF9593C}"
EndProject
Project("{FAE04EC0-301F-11D3-BF4B-00C04F79EFBC}") = "Asenevtsi-2017.1.1-20190910", "Assembly-CSharp-Editor.csproj", "{3526FF21-DDCD-8A0A-E539-045141EF2E21}"
EndProject
Global
	GlobalSection(SolutionConfigurationPlatforms) = preSolution
		Debug|Any CPU = Debug|Any CPU
		Release|Any CPU = Release|Any CPU
	EndGlobalSection
	GlobalSection(ProjectConfigurationPlatforms) = postSolution
		{35EF852C-2963-2F53-3176-1CDBD8C22E75}.Debug|Any CPU.ActiveCfg = Debug|Any CPU
		{35EF852C-2963-2F53-3176-1CDBD8C22E75}.Debug|Any CPU.Build.0 = Debug|Any CPU
		{35EF852C-2963-2F53-3176-1CDBD8C22E75}.Release|Any CPU.ActiveCfg = Release|Any CPU
		{35EF852C-2963-2F53-3176-1CDBD8C22E75}.Release|Any CPU.Build.0 = Release|Any CPU
		{BB6F1C4B-7835-4DF6-ECEB-00A687C6DA4D}.Debug|Any CPU.ActiveCfg = Debug|Any CPU
		{BB6F1C4B-7835-4DF6-ECEB-00A687C6DA4D}.Debug|Any CPU.Build.0 = Debug|Any CPU
		{BB6F1C4B-7835-4DF6-ECEB-00A687C6DA4D}.Release|Any CPU.ActiveCfg = Release|Any CPU
		{BB6F1C4B-7835-4DF6-ECEB-00A687C6DA4D}.Release|Any CPU.Build.0 = Release|Any CPU
		{9828D955-D772-B01C-A671-CC9E01088EC2}.Debug|Any CPU.ActiveCfg = Debug|Any CPU
		{9828D955-D772-B01C-A671-CC9E01088EC2}.Debug|Any CPU.Build.0 = Debug|Any CPU
		{9828D955-D772-B01C-A671-CC9E01088EC2}.Release|Any CPU.ActiveCfg = Release|Any CPU
		{9828D955-D772-B01C-A671-CC9E01088EC2}.Release|Any CPU.Build.0 = Release|Any CPU
		{DC7B1E6E-9F4A-2D8A-5BF8-89F4BDF9593C}.Debug|Any CPU.ActiveCfg = Debug|Any CPU
		{DC7B1E6E-9F4A-2D8A-5BF8-89F4BDF9593C}.Debug|Any CPU.Build.0 = Debug|Any CPU
		{DC7B1E6E-9F4A-2D8A-5BF8-89F4BDF9593C}.Release|Any CPU.ActiveCfg = Release|Any CPU
		{DC7B1E6E-9F4A-2D8A-5BF8-89F4BDF9593C}.Release|Any CPU.Build.0 = Release|Any CPU
		{3526FF21-DDCD-8A0A-E539-045141EF2E21}.Debug|Any CPU.ActiveCfg = Debug|Any CPU
		{3526FF21-DDCD-8A0A-E539-045141EF2E21}.Debug|Any CPU.Build.0 = Debug|Any CPU
		{3526FF21-DDCD-8A0A-E539-045141EF2E21}.Release|Any CPU.ActiveCfg = Release|Any CPU
		{3526FF21-DDCD-8A0A-E539-045141EF2E21}.Release|Any CPU.Build.0 = Release|Any CPU
	EndGlobalSection
	GlobalSection(SolutionProperties) = preSolution
		HideSolutionNode = FALSE
	EndGlobalSection
	GlobalSection(MonoDevelopProperties) = preSolution
		StartupItem = Assembly-CSharp.csproj
	EndGlobalSection
EndGlobal
